{
  "requires": true,
  "lockfileVersion": 1,
  "dependencies": {
    "@sentry/browser": {
      "version": "7.11.1",
      "resolved": "https://registry.npmjs.org/@sentry/browser/-/browser-7.11.1.tgz",
      "integrity": "sha512-k2XHuzPfnm8VJPK5eWd1+Y5VCgN42sLveb8Qxc3prb5PSL416NWMLZaoB7RMIhy430fKrSFiosnm6QDk2M6pbA==",
      "requires": {
        "@sentry/core": "7.11.1",
        "@sentry/types": "7.11.1",
        "@sentry/utils": "7.11.1",
        "tslib": "^1.9.3"
      }
    },
    "@sentry/core": {
      "version": "7.11.1",
      "resolved": "https://registry.npmjs.org/@sentry/core/-/core-7.11.1.tgz",
      "integrity": "sha512-kaDSZ6VNuO4ZZdqUOOX6XM6x+kjo2bMnDQ3IJG51FPvVjr8lXYhXj1Ccxcot3pBYAIWPPby2+vNDOXllmXqoBA==",
      "requires": {
        "@sentry/hub": "7.11.1",
        "@sentry/types": "7.11.1",
        "@sentry/utils": "7.11.1",
        "tslib": "^1.9.3"
      }
    },
    "@sentry/hub": {
      "version": "7.11.1",
      "resolved": "https://registry.npmjs.org/@sentry/hub/-/hub-7.11.1.tgz",
      "integrity": "sha512-M6ClgdXdptS0lUBKB5KpXXe2qMQhsoiEN2pEGRI6+auqhfHCUQB1ZXsfjiOYexKC9fwx7TyFyZ9Jcaf2DTxEhw==",
      "requires": {
        "@sentry/types": "7.11.1",
        "@sentry/utils": "7.11.1",
        "tslib": "^1.9.3"
      }
    },
    "@sentry/tracing": {
      "version": "7.11.1",
      "resolved": "https://registry.npmjs.org/@sentry/tracing/-/tracing-7.11.1.tgz",
      "integrity": "sha512-ilgnHfpdYUWKG/5yAXIfIbPVsCfrC4ONFBR/wN25/hdAyVfXMa3AJx7NCCXxZBOPDWH3hMW8rl4La5yuDbXofg==",
      "requires": {
        "@sentry/hub": "7.11.1",
        "@sentry/types": "7.11.1",
        "@sentry/utils": "7.11.1",
        "tslib": "^1.9.3"
      }
    },
    "@sentry/types": {
      "version": "7.11.1",
      "resolved": "https://registry.npmjs.org/@sentry/types/-/types-7.11.1.tgz",
      "integrity": "sha512-gIEhOPxC2cjrxQ0+K2SFJ1P6e/an5osSxVc9OOtekN28eHtVsXFCLB8XVWeNQnS7N2VkrVrkqORMBz1kvIcvVQ=="
    },
    "@sentry/utils": {
      "version": "7.11.1",
      "resolved": "https://registry.npmjs.org/@sentry/utils/-/utils-7.11.1.tgz",
      "integrity": "sha512-tRVXNT5O9ilkV31pyHeTqA1PcPQfMV/2OR6yUYM4ah+QVISovC0f0ybhByuH5nYg6x/Gsnx1o7pc8L1GE3+O7A==",
      "requires": {
        "@sentry/types": "7.11.1",
        "tslib": "^1.9.3"
      }
    },
    "tslib": {
      "version": "1.14.1",
      "resolved": "https://registry.npmjs.org/tslib/-/tslib-1.14.1.tgz",
      "integrity": "sha512-Xni35NKzjgMrwevysHTCArtLDpPvye8zV/0E4EyYn43P7/7qvQwPh9BGkHewbMulVntbigmcT7rdX3BNo9wRJg=="
    }
  }
}
